Microsoft Visual Studio Solution File, Format Version 12.00
# Visual Studio Version 17
VisualStudioVersion = 17.0.31903.59
MinimumVisualStudioVersion = 10.0.40219.1
Project("{FAE04EC0-301F-11D3-BF4B-00C04F79EFBC}") = "GraphQLParser", "src\GraphQLParser\GraphQLParser.csproj", "{21C9E4E9-203A-45E1-A8A9-8B8BDA52C832}"
EndProject
Project("{FAE04EC0-301F-11D3-BF4B-00C04F79EFBC}") = "GraphQLParser.Tests", "tests\GraphQLParser.Tests\GraphQLParser.Tests.csproj", "{FCB32309-7C05-4CE0-B7F4-E3BFF7D91E5E}"
EndProject
Project("{FAE04EC0-301F-11D3-BF4B-00C04F79EFBC}") = "GraphQLParser.PublicApiConsumer", "tests\GraphQLParser.PublicApiConsumer\GraphQLParser.PublicApiConsumer.csproj", "{781C3921-ECA8-451D-B718-FC95D42B3079}"
EndProject
Global
	GlobalSection(SolutionConfigurationPlatforms) = preSolution
		Debug|Any CPU = Debug|Any CPU
		Release|Any CPU = Release|Any CPU
	EndGlobalSection
	GlobalSection(ProjectConfigurationPlatforms) = postSolution
		{21C9E4E9-203A-45E1-A8A9-8B8BDA52C832}.Debug|Any CPU.ActiveCfg = Debug|Any CPU
		{21C9E4E9-203A-45E1-A8A9-8B8BDA52C832}.Debug|Any CPU.Build.0 = Debug|Any CPU
		{21C9E4E9-203A-45E1-A8A9-8B8BDA52C832}.Release|Any CPU.ActiveCfg = Release|Any CPU
		{21C9E4E9-203A-45E1-A8A9-8B8BDA52C832}.Release|Any CPU.Build.0 = Release|Any CPU
		{FCB32309-7C05-4CE0-B7F4-E3BFF7D91E5E}.Debug|Any CPU.ActiveCfg = Debug|Any CPU
		{FCB32309-7C05-4CE0-B7F4-E3BFF7D91E5E}.Debug|Any CPU.Build.0 = Debug|Any CPU
		{FCB32309-7C05-4CE0-B7F4-E3BFF7D91E5E}.Release|Any CPU.ActiveCfg = Release|Any CPU
		{FCB32309-7C05-4CE0-B7F4-E3BFF7D91E5E}.Release|Any CPU.Build.0 = Release|Any CPU
		{781C3921-ECA8-451D-B718-FC95D42B3079}.Debug|Any CPU.ActiveCfg = Debug|Any CPU
		{781C3921-ECA8-451D-B718-FC95D42B3079}.Debug|Any CPU.Build.0 = Debug|Any CPU
		{781C3921-ECA8-451D-B718-FC95D42B3079}.Release|Any CPU.ActiveCfg = Release|Any CPU
		{781C3921-ECA8-451D-B718-FC95D42B3079}.Release|Any CPU.Build.0 = Release|Any CPU
	EndGlobalSection
EndGlobal
